{
  "originHash" : "f1fcf80b6caaf0ed0b923069804e33e203c0acde349083d81bf81f9f5176c68d",
  "pins" : [
    {
      "identity" : "grmustache.swift",
      "kind" : "remoteSourceControl",
      "location" : "https://github.com/groue/GRMustache.swift.git",
      "state" : {
        "revision" : "811326995377af216b970ae3afb0645ca94986c8",
        "version" : "6.0.0"
      }
    },
    {
      "identity" : "swift-chunked-audio-player",
      "kind" : "remoteSourceControl",
      "location" : "https://github.com/cculbreath/swift-chunked-audio-player",
      "state" : {
        "branch" : "main",
        "revision" : "eb41897cd8e19db1c54afd6b5339cc17376a7a4d"
      }
    },
    {
      "identity" : "swift-collections",
      "kind" : "remoteSourceControl",
      "location" : "https://github.com/apple/swift-collections.git",
      "state" : {
        "revision" : "c1805596154bb3a265fd91b8ac0c4433b4348fb0",
        "version" : "1.2.0"
      }
    },
    {
      "identity" : "swiftopenai",
      "kind" : "remoteSourceControl",
      "location" : "https://github.com/cculbreath/SwiftOpenAI.git",
      "state" : {
        "revision" : "fe1562c533bffe5ff3b4d225c834dd98c128560d"
      }
    },
    {
      "identity" : "swiftsoup",
      "kind" : "remoteSourceControl",
      "location" : "https://github.com/scinfu/SwiftSoup.git",
      "state" : {
        "revision" : "d1d6add8f277bd76992a0f7e72961a896609b707",
        "version" : "2.9.5"
      }
    },
    {
      "identity" : "swiftyjson",
      "kind" : "remoteSourceControl",
      "location" : "https://github.com/SwiftyJSON/SwiftyJSON.git",
      "state" : {
        "revision" : "af76cf3ef710b6ca5f8c05f3a31307d44a3c5828",
        "version" : "5.0.2"
      }
    },
    {
      "identity" : "viewinspector",
      "kind" : "remoteSourceControl",
      "location" : "https://github.com/nalexn/ViewInspector.git",
      "state" : {
        "revision" : "a6fcac8485bc8f57b2d2b55bb6d97138e8659e4b",
        "version" : "0.10.2"
      }
    }
  ],
  "version" : 3
}
