{
  "originHash" : "caf2510d75abc35669fbf3baffb32f121d0a91bbfc35bc34a2cb83622df948bf",
  "pins" : [
    {
      "identity" : "swiftopenai",
      "kind" : "remoteSourceControl",
      "location" : "https://github.com/jamesrochabrun/SwiftOpenAI.git",
      "state" : {
        "revision" : "7090d164fecf51b5ca55000b054dd469e9eb9265",
        "version" : "3.7.0"
      }
    }
  ],
  "version" : 3
}
