<?xml version="1.0" encoding="UTF-8"?>
<Scheme
   LastUpgradeVersion = "2600"
   version = "1.7">
   <BuildAction
      parallelizeBuildables = "YES"
      buildImplicitDependencies = "YES"
      buildArchitectures = "Automatic">
      <PostActions>
         <ExecutionAction
            ActionType = "Xcode.IDEStandardExecutionActionsCore.ExecutionActionType.ShellScriptAction">
            <ActionContent
               title = "Run Script"
               scriptText = "&#10;">
               <EnvironmentBuildable>
                  <BuildableReference
                     BuildableIdentifier = "primary"
                     BlueprintIdentifier = "570FEC672C855BF50074D1E0"
                     BuildableName = "Sprung.app"
                     BlueprintName = "Sprung"
                     ReferencedContainer = "container:Sprung.xcodeproj">
                  </BuildableReference>
               </EnvironmentBuildable>
            </ActionContent>
         </ExecutionAction>
      </PostActions>
      <BuildActionEntries>
         <BuildActionEntry
            buildForTesting = "YES"
            buildForRunning = "YES"
            buildForProfiling = "YES"
            buildForArchiving = "YES"
            buildForAnalyzing = "YES">
            <BuildableReference
               BuildableIdentifier = "primary"
               BlueprintIdentifier = "570FEC672C855BF50074D1E0"
               BuildableName = "Sprung.app"
               BlueprintName = "Sprung"
               ReferencedContainer = "container:Sprung.xcodeproj">
            </BuildableReference>
         </BuildActionEntry>
      </BuildActionEntries>
   </BuildAction>
   <TestAction
      buildConfiguration = "Debug"
      selectedDebuggerIdentifier = "Xcode.DebuggerFoundation.Debugger.LLDB"
      selectedLauncherIdentifier = "Xcode.DebuggerFoundation.Launcher.LLDB"
      shouldUseLaunchSchemeArgsEnv = "YES"
      shouldAutocreateTestPlan = "YES">
      <Testables>
         <TestableReference
            skipped = "NO"
            parallelizable = "YES">
            <BuildableReference
               BuildableIdentifier = "primary"
               BlueprintIdentifier = "572326792DDE2D3C0039462B"
               BuildableName = "SprungTests.xctest"
               BlueprintName = "SprungTests"
               ReferencedContainer = "container:Sprung.xcodeproj">
            </BuildableReference>
         </TestableReference>
         <TestableReference
            skipped = "NO"
            parallelizable = "YES">
            <BuildableReference
               BuildableIdentifier = "primary"
               BlueprintIdentifier = "57306ADF2DDE56A80053246D"
               BuildableName = "SprungUITests.xctest"
               BlueprintName = "SprungUITests"
               ReferencedContainer = "container:Sprung.xcodeproj">
            </BuildableReference>
         </TestableReference>
         <TestableReference
            skipped = "NO"
            parallelizable = "YES">
            <BuildableReference
               BuildableIdentifier = "primary"
               BlueprintIdentifier = "57306BD92DDE834C0053246D"
               BuildableName = "JobRecTests.xctest"
               BlueprintName = "JobRecTests"
               ReferencedContainer = "container:Sprung.xcodeproj">
            </BuildableReference>
         </TestableReference>
      </Testables>
   </TestAction>
   <LaunchAction
      buildConfiguration = "Debug"
      selectedDebuggerIdentifier = "Xcode.DebuggerFoundation.Debugger.LLDB"
      selectedLauncherIdentifier = "Xcode.DebuggerFoundation.Launcher.LLDB"
      enableASanStackUseAfterReturn = "YES"
      launchStyle = "0"
      useCustomWorkingDirectory = "NO"
      ignoresPersistentStateOnLaunch = "NO"
      debugDocumentVersioning = "YES"
      debugServiceExtension = "internal"
      allowLocationSimulation = "YES"
      consoleMode = "0"
      structuredConsoleMode = "1">
      <PreActions>
         <ExecutionAction
            ActionType = "Xcode.IDEStandardExecutionActionsCore.ExecutionActionType.ShellScriptAction">
            <ActionContent
               title = "Run Script"
               scriptText = "#!/bin/sh&#10;SUBSYSTEM=&quot;physicscloud.Sprung&quot;&#10;LOGFILE=&quot;$HOME/devlocal/codebase/Sprung/consolelog.txt&quot;&#10;PIDFILE=&quot;$HOME/devlocal/codebase/Sprung/consolelog.pid&quot;&#10;&#10;mkdir -p &quot;$(dirname &quot;$LOGFILE&quot;)&quot;&#10;&#10;# Ensure debug-level for this subsystem is recorded&#10;/usr/bin/log config --subsystem &quot;$SUBSYSTEM&quot; --mode &quot;level:debug&quot; &gt;/dev/null 2&gt;&amp;1 || true&#10;&#10;# Kill any prior logger&#10;if [ -f &quot;$PIDFILE&quot; ]; then&#10;  kill &quot;$(cat &quot;$PIDFILE&quot;)&quot; 2&gt;/dev/null || true&#10;  rm -f &quot;$PIDFILE&quot;&#10;fi&#10;pkill -f &quot;log stream .* subsystem == \&quot;$SUBSYSTEM\&quot;&quot; 2&gt;/dev/null || true&#10;&#10;# Overwrite the file for this run&#10;: &gt; &quot;$LOGFILE&quot;&#10;&#10;# Stream unified log for your subsystem; include info+debug&#10;nohup /usr/bin/log stream --style syslog --info --debug \&#10;  --predicate &apos;subsystem == &quot;physicscloud.Sprung&quot;&apos; \&#10;  | /usr/bin/tee -a &quot;$LOGFILE&quot; &gt;/dev/null 2&gt;&amp;1 &amp;&#10;echo $! &gt; &quot;$PIDFILE&quot;&#10;">
               <EnvironmentBuildable>
                  <BuildableReference
                     BuildableIdentifier = "primary"
                     BlueprintIdentifier = "570FEC672C855BF50074D1E0"
                     BuildableName = "Sprung.app"
                     BlueprintName = "Sprung"
                     ReferencedContainer = "container:Sprung.xcodeproj">
                  </BuildableReference>
               </EnvironmentBuildable>
            </ActionContent>
         </ExecutionAction>
      </PreActions>
      <PostActions>
         <ExecutionAction
            ActionType = "Xcode.IDEStandardExecutionActionsCore.ExecutionActionType.ShellScriptAction">
            <ActionContent
               title = "Run Script"
               scriptText = "#!/bin/sh&#10;PIDFILE=&quot;$HOME/devlocal/codebase/Sprung/consolelog.pid&quot;&#10;if [ -f &quot;$PIDFILE&quot; ]; then&#10;  kill &quot;$(cat &quot;$PIDFILE&quot;)&quot; 2&gt;/dev/null || true&#10;  rm -f &quot;$PIDFILE&quot;&#10;fi&#10;pkill -f &apos;log stream .* subsystem == &quot;physicscloud.Sprung&quot;&apos; 2&gt;/dev/null || true&#10;">
               <EnvironmentBuildable>
                  <BuildableReference
                     BuildableIdentifier = "primary"
                     BlueprintIdentifier = "570FEC672C855BF50074D1E0"
                     BuildableName = "Sprung.app"
                     BlueprintName = "Sprung"
                     ReferencedContainer = "container:Sprung.xcodeproj">
                  </BuildableReference>
               </EnvironmentBuildable>
            </ActionContent>
         </ExecutionAction>
      </PostActions>
      <BuildableProductRunnable
         runnableDebuggingMode = "0">
         <BuildableReference
            BuildableIdentifier = "primary"
            BlueprintIdentifier = "570FEC672C855BF50074D1E0"
            BuildableName = "Sprung.app"
            BlueprintName = "Sprung"
            ReferencedContainer = "container:Sprung.xcodeproj">
         </BuildableReference>
      </BuildableProductRunnable>
      <CommandLineArguments>
         <CommandLineArgument
            argument = "-com.apple.CoreData.SQLDebug 1"
            isEnabled = "NO">
         </CommandLineArgument>
      </CommandLineArguments>
      <EnvironmentVariables>
         <EnvironmentVariable
            key = "DEBUG"
            value = "false"
            isEnabled = "YES">
         </EnvironmentVariable>
         <EnvironmentVariable
            key = "OS_ACTIVITY_MODE"
            value = "disable"
            isEnabled = "NO">
         </EnvironmentVariable>
      </EnvironmentVariables>
   </LaunchAction>
   <ProfileAction
      buildConfiguration = "Release"
      shouldUseLaunchSchemeArgsEnv = "YES"
      savedToolIdentifier = "SwiftUI"
      useCustomWorkingDirectory = "NO"
      debugDocumentVersioning = "YES">
      <BuildableProductRunnable
         runnableDebuggingMode = "0">
         <BuildableReference
            BuildableIdentifier = "primary"
            BlueprintIdentifier = "570FEC672C855BF50074D1E0"
            BuildableName = "Sprung.app"
            BlueprintName = "Sprung"
            ReferencedContainer = "container:Sprung.xcodeproj">
         </BuildableReference>
      </BuildableProductRunnable>
   </ProfileAction>
   <AnalyzeAction
      buildConfiguration = "Debug">
   </AnalyzeAction>
   <ArchiveAction
      buildConfiguration = "Release"
      customArchiveName = "Sprung"
      revealArchiveInOrganizer = "YES">
   </ArchiveAction>
</Scheme>
